
Microsoft Visual Studio Solution File, Format Version 12.00
# Visual Studio Version 17
VisualStudioVersion = 17.14.36414.22 d17.14
MinimumVisualStudioVersion = 10.0.40219.1
Project("{FAE04EC0-301F-11D3-BF4B-00C04F79EFBC}") = "Dotnet Assignment 19", "Dotnet Assignment 19\Dotnet Assignment 19.csproj", "{ED0DA3D1-2121-452F-97A0-8FE1CEBEB71B}"
EndProject
Global
	GlobalSection(SolutionConfigurationPlatforms) = preSolution
		Debug|Any CPU = Debug|Any CPU
		Release|Any CPU = Release|Any CPU
	EndGlobalSection
	GlobalSection(ProjectConfigurationPlatforms) = postSolution
		{ED0DA3D1-2121-452F-97A0-8FE1CEBEB71B}.Debug|Any CPU.ActiveCfg = Debug|Any CPU
		{ED0DA3D1-2121-452F-97A0-8FE1CEBEB71B}.Debug|Any CPU.Build.0 = Debug|Any CPU
		{ED0DA3D1-2121-452F-97A0-8FE1CEBEB71B}.Release|Any CPU.ActiveCfg = Release|Any CPU
		{ED0DA3D1-2121-452F-97A0-8FE1CEBEB71B}.Release|Any CPU.Build.0 = Release|Any CPU
	EndGlobalSection
	GlobalSection(SolutionProperties) = preSolution
		HideSolutionNode = FALSE
	EndGlobalSection
	GlobalSection(ExtensibilityGlobals) = postSolution
		SolutionGuid = {485AE2B9-061A-4C59-BD16-6C1FBFB19775}
	EndGlobalSection
EndGlobal
